// !$*UTF8*$!
{
	archiveVersion = 1;
	classes = {
	};
	objectVersion = 56;
	objects = {

/* Begin PBXBuildFile section */
		7A71C9992C63E832001EC348 /* Package.swift in Sources */ = {isa = PBXBuildFile; fileRef = 7A71C9982C63E832001EC348 /* Package.swift */; };
		7A74D4962C6003E5000E89FD /* A Modest Proposal.epub in Resources */ = {isa = PBXBuildFile; fileRef = 7A74D4922C6003E5000E89FD /* A Modest Proposal.epub */; };
		7A74D4972C6003E5000E89FD /* The Strange Case of Dr Jekyll and Mr Hyde.epub in Resources */ = {isa = PBXBuildFile; fileRef = 7A74D4932C6003E5000E89FD /* The Strange Case of Dr Jekyll and Mr Hyde.epub */; };
		7A74D4982C6003E5000E89FD /* The Yellow Wallpaper.epub in Resources */ = {isa = PBXBuildFile; fileRef = 7A74D4942C6003E5000E89FD /* The Yellow Wallpaper.epub */; };
		7ADC55222C5DC9EF00C16426 /* BookishApp.swift in Sources */ = {isa = PBXBuildFile; fileRef = 7ADC55212C5DC9EF00C16426 /* BookishApp.swift */; };
		7ADC55242C5DC9EF00C16426 /* ContentView.swift in Sources */ = {isa = PBXBuildFile; fileRef = 7ADC55232C5DC9EF00C16426 /* ContentView.swift */; };
		7ADC55262C5DC9F000C16426 /* Assets.xcassets in Resources */ = {isa = PBXBuildFile; fileRef = 7ADC55252C5DC9F000C16426 /* Assets.xcassets */; };
		7ADC55292C5DC9F000C16426 /* Preview Assets.xcassets in Resources */ = {isa = PBXBuildFile; fileRef = 7ADC55282C5DC9F000C16426 /* Preview Assets.xcassets */; };
		7ADC55332C5DC9F000C16426 /* BookishTests.swift in Sources */ = {isa = PBXBuildFile; fileRef = 7ADC55322C5DC9F000C16426 /* BookishTests.swift */; };
		7ADC553D2C5DC9F000C16426 /* BookishUITests.swift in Sources */ = {isa = PBXBuildFile; fileRef = 7ADC553C2C5DC9F000C16426 /* BookishUITests.swift */; };
		7ADC553F2C5DC9F000C16426 /* BookishUITestsLaunchTests.swift in Sources */ = {isa = PBXBuildFile; fileRef = 7ADC553E2C5DC9F000C16426 /* BookishUITestsLaunchTests.swift */; };
		7ADC554F2C5DDBC100C16426 /* Book.swift in Sources */ = {isa = PBXBuildFile; fileRef = 7ADC554E2C5DDBC100C16426 /* Book.swift */; };
		7ADC55502C5DDBC100C16426 /* Book.swift in Sources */ = {isa = PBXBuildFile; fileRef = 7ADC554E2C5DDBC100C16426 /* Book.swift */; };
		7ADC55512C5DDBC100C16426 /* Book.swift in Sources */ = {isa = PBXBuildFile; fileRef = 7ADC554E2C5DDBC100C16426 /* Book.swift */; };
		7ADC55532C5DDBDE00C16426 /* BookViewModel.swift in Sources */ = {isa = PBXBuildFile; fileRef = 7ADC55522C5DDBDE00C16426 /* BookViewModel.swift */; };
		7ADC55542C5DDBDE00C16426 /* BookViewModel.swift in Sources */ = {isa = PBXBuildFile; fileRef = 7ADC55522C5DDBDE00C16426 /* BookViewModel.swift */; };
		7ADC55552C5DDBDE00C16426 /* BookViewModel.swift in Sources */ = {isa = PBXBuildFile; fileRef = 7ADC55522C5DDBDE00C16426 /* BookViewModel.swift */; };
		7ADC55572C5F0D5E00C16426 /* ReaderView.swift in Sources */ = {isa = PBXBuildFile; fileRef = 7ADC55562C5F0D5E00C16426 /* ReaderView.swift */; };
		7ADC55582C5F0D5E00C16426 /* ReaderView.swift in Sources */ = {isa = PBXBuildFile; fileRef = 7ADC55562C5F0D5E00C16426 /* ReaderView.swift */; };
		7ADC55592C5F0D5E00C16426 /* ReaderView.swift in Sources */ = {isa = PBXBuildFile; fileRef = 7ADC55562C5F0D5E00C16426 /* ReaderView.swift */; };
		7ADC555B2C5F0DA100C16426 /* SettingsView.swift in Sources */ = {isa = PBXBuildFile; fileRef = 7ADC555A2C5F0DA100C16426 /* SettingsView.swift */; };
		7ADC555C2C5F0DA100C16426 /* SettingsView.swift in Sources */ = {isa = PBXBuildFile; fileRef = 7ADC555A2C5F0DA100C16426 /* SettingsView.swift */; };
		7ADC555D2C5F0DA100C16426 /* SettingsView.swift in Sources */ = {isa = PBXBuildFile; fileRef = 7ADC555A2C5F0DA100C16426 /* SettingsView.swift */; };
/* End PBXBuildFile section */

/* Begin PBXContainerItemProxy section */
		7ADC552F2C5DC9F000C16426 /* PBXContainerItemProxy */ = {
			isa = PBXContainerItemProxy;
			containerPortal = 7ADC55162C5DC9EF00C16426 /* Project object */;
			proxyType = 1;
			remoteGlobalIDString = 7ADC551D2C5DC9EF00C16426;
			remoteInfo = Bookish;
		};
		7ADC55392C5DC9F000C16426 /* PBXContainerItemProxy */ = {
			isa = PBXContainerItemProxy;
			containerPortal = 7ADC55162C5DC9EF00C16426 /* Project object */;
			proxyType = 1;
			remoteGlobalIDString = 7ADC551D2C5DC9EF00C16426;
			remoteInfo = Bookish;
		};
/* End PBXContainerItemProxy section */

/* Begin PBXFileReference section */
		7A71C9982C63E832001EC348 /* Package.swift */ = {isa = PBXFileReference; lastKnownFileType = sourcecode.swift; path = Package.swift; sourceTree = "<group>"; };
		7A74D4922C6003E5000E89FD /* A Modest Proposal.epub */ = {isa = PBXFileReference; lastKnownFileType = file; path = "A Modest Proposal.epub"; sourceTree = "<group>"; };
		7A74D4932C6003E5000E89FD /* The Strange Case of Dr Jekyll and Mr Hyde.epub */ = {isa = PBXFileReference; lastKnownFileType = file; path = "The Strange Case of Dr Jekyll and Mr Hyde.epub"; sourceTree = "<group>"; };
		7A74D4942C6003E5000E89FD /* The Yellow Wallpaper.epub */ = {isa = PBXFileReference; lastKnownFileType = file; path = "The Yellow Wallpaper.epub"; sourceTree = "<group>"; };
		7ADC551E2C5DC9EF00C16426 /* Bookish.app */ = {isa = PBXFileReference; explicitFileType = wrapper.application; includeInIndex = 0; path = Bookish.app; sourceTree = BUILT_PRODUCTS_DIR; };
		7ADC55212C5DC9EF00C16426 /* BookishApp.swift */ = {isa = PBXFileReference; lastKnownFileType = sourcecode.swift; path = BookishApp.swift; sourceTree = "<group>"; };
		7ADC55232C5DC9EF00C16426 /* ContentView.swift */ = {isa = PBXFileReference; lastKnownFileType = sourcecode.swift; path = ContentView.swift; sourceTree = "<group>"; };
		7ADC55252C5DC9F000C16426 /* Assets.xcassets */ = {isa = PBXFileReference; lastKnownFileType = folder.assetcatalog; path = Assets.xcassets; sourceTree = "<group>"; };
		7ADC55282C5DC9F000C16426 /* Preview Assets.xcassets */ = {isa = PBXFileReference; lastKnownFileType = folder.assetcatalog; path = "Preview Assets.xcassets"; sourceTree = "<group>"; };
		7ADC552E2C5DC9F000C16426 /* BookishTests.xctest */ = {isa = PBXFileReference; explicitFileType = wrapper.cfbundle; includeInIndex = 0; path = BookishTests.xctest; sourceTree = BUILT_PRODUCTS_DIR; };
		7ADC55322C5DC9F000C16426 /* BookishTests.swift */ = {isa = PBXFileReference; lastKnownFileType = sourcecode.swift; path = BookishTests.swift; sourceTree = "<group>"; };
		7ADC55382C5DC9F000C16426 /* BookishUITests.xctest */ = {isa = PBXFileReference; explicitFileType = wrapper.cfbundle; includeInIndex = 0; path = BookishUITests.xctest; sourceTree = BUILT_PRODUCTS_DIR; };
		7ADC553C2C5DC9F000C16426 /* BookishUITests.swift */ = {isa = PBXFileReference; lastKnownFileType = sourcecode.swift; path = BookishUITests.swift; sourceTree = "<group>"; };
		7ADC553E2C5DC9F000C16426 /* BookishUITestsLaunchTests.swift */ = {isa = PBXFileReference; lastKnownFileType = sourcecode.swift; path = BookishUITestsLaunchTests.swift; sourceTree = "<group>"; };
		7ADC554E2C5DDBC100C16426 /* Book.swift */ = {isa = PBXFileReference; lastKnownFileType = sourcecode.swift; path = Book.swift; sourceTree = "<group>"; };
		7ADC55522C5DDBDE00C16426 /* BookViewModel.swift */ = {isa = PBXFileReference; lastKnownFileType = sourcecode.swift; path = BookViewModel.swift; sourceTree = "<group>"; };
		7ADC55562C5F0D5E00C16426 /* ReaderView.swift */ = {isa = PBXFileReference; lastKnownFileType = sourcecode.swift; path = ReaderView.swift; sourceTree = "<group>"; };
		7ADC555A2C5F0DA100C16426 /* SettingsView.swift */ = {isa = PBXFileReference; lastKnownFileType = sourcecode.swift; path = SettingsView.swift; sourceTree = "<group>"; };
/* End PBXFileReference section */

/* Begin PBXFrameworksBuildPhase section */
		7ADC551B2C5DC9EF00C16426 /* Frameworks */ = {
			isa = PBXFrameworksBuildPhase;
			buildActionMask = 2147483647;
			files = (
			);
			runOnlyForDeploymentPostprocessing = 0;
		};
		7ADC552B2C5DC9F000C16426 /* Frameworks */ = {
			isa = PBXFrameworksBuildPhase;
			buildActionMask = 2147483647;
			files = (
			);
			runOnlyForDeploymentPostprocessing = 0;
		};
		7ADC55352C5DC9F000C16426 /* Frameworks */ = {
			isa = PBXFrameworksBuildPhase;
			buildActionMask = 2147483647;
			files = (
			);
			runOnlyForDeploymentPostprocessing = 0;
		};
/* End PBXFrameworksBuildPhase section */

/* Begin PBXGroup section */
		7A74D4952C6003E5000E89FD /* DummyData */ = {
			isa = PBXGroup;
			children = (
				7A74D4922C6003E5000E89FD /* A Modest Proposal.epub */,
				7A74D4932C6003E5000E89FD /* The Strange Case of Dr Jekyll and Mr Hyde.epub */,
				7A74D4942C6003E5000E89FD /* The Yellow Wallpaper.epub */,
			);
			path = DummyData;
			sourceTree = "<group>";
		};
		7ADC55152C5DC9EF00C16426 = {
			isa = PBXGroup;
			children = (
				7ADC55202C5DC9EF00C16426 /* Bookish */,
				7ADC55312C5DC9F000C16426 /* BookishTests */,
				7ADC553B2C5DC9F000C16426 /* BookishUITests */,
				7A74D4952C6003E5000E89FD /* DummyData */,
				7ADC551F2C5DC9EF00C16426 /* Products */,
			);
			sourceTree = "<group>";
		};
		7ADC551F2C5DC9EF00C16426 /* Products */ = {
			isa = PBXGroup;
			children = (
				7ADC551E2C5DC9EF00C16426 /* Bookish.app */,
				7ADC552E2C5DC9F000C16426 /* BookishTests.xctest */,
				7ADC55382C5DC9F000C16426 /* BookishUITests.xctest */,
			);
			name = Products;
			sourceTree = "<group>";
		};
		7ADC55202C5DC9EF00C16426 /* Bookish */ = {
			isa = PBXGroup;
			children = (
				7ADC55212C5DC9EF00C16426 /* BookishApp.swift */,
				7ADC55232C5DC9EF00C16426 /* ContentView.swift */,
				7ADC55252C5DC9F000C16426 /* Assets.xcassets */,
				7ADC55272C5DC9F000C16426 /* Preview Content */,
				7ADC554E2C5DDBC100C16426 /* Book.swift */,
				7ADC55522C5DDBDE00C16426 /* BookViewModel.swift */,
				7ADC55562C5F0D5E00C16426 /* ReaderView.swift */,
				7ADC555A2C5F0DA100C16426 /* SettingsView.swift */,
				7A71C9982C63E832001EC348 /* Package.swift */,
			);
			path = Bookish;
			sourceTree = "<group>";
		};
		7ADC55272C5DC9F000C16426 /* Preview Content */ = {
			isa = PBXGroup;
			children = (
				7ADC55282C5DC9F000C16426 /* Preview Assets.xcassets */,
			);
			path = "Preview Content";
			sourceTree = "<group>";
		};
		7ADC55312C5DC9F000C16426 /* BookishTests */ = {
			isa = PBXGroup;
			children = (
				7ADC55322C5DC9F000C16426 /* BookishTests.swift */,
			);
			path = BookishTests;
			sourceTree = "<group>";
		};
		7ADC553B2C5DC9F000C16426 /* BookishUITests */ = {
			isa = PBXGroup;
			children = (
				7ADC553C2C5DC9F000C16426 /* BookishUITests.swift */,
				7ADC553E2C5DC9F000C16426 /* BookishUITestsLaunchTests.swift */,
			);
			path = BookishUITests;
			sourceTree = "<group>";
		};
/* End PBXGroup section */

/* Begin PBXNativeTarget section */
		7ADC551D2C5DC9EF00C16426 /* Bookish */ = {
			isa = PBXNativeTarget;
			buildConfigurationList = 7ADC55422C5DC9F000C16426 /* Build configuration list for PBXNativeTarget "Bookish" */;
			buildPhases = (
				7ADC551A2C5DC9EF00C16426 /* Sources */,
				7ADC551B2C5DC9EF00C16426 /* Frameworks */,
				7ADC551C2C5DC9EF00C16426 /* Resources */,
			);
			buildRules = (
			);
			dependencies = (
			);
			name = Bookish;
			productName = Bookish;
			productReference = 7ADC551E2C5DC9EF00C16426 /* Bookish.app */;
			productType = "com.apple.product-type.application";
		};
		7ADC552D2C5DC9F000C16426 /* BookishTests */ = {
			isa = PBXNativeTarget;
			buildConfigurationList = 7ADC55452C5DC9F000C16426 /* Build configuration list for PBXNativeTarget "BookishTests" */;
			buildPhases = (
				7ADC552A2C5DC9F000C16426 /* Sources */,
				7ADC552B2C5DC9F000C16426 /* Frameworks */,
				7ADC552C2C5DC9F000C16426 /* Resources */,
			);
			buildRules = (
			);
			dependencies = (
				7ADC55302C5DC9F000C16426 /* PBXTargetDependency */,
			);
			name = BookishTests;
			productName = BookishTests;
			productReference = 7ADC552E2C5DC9F000C16426 /* BookishTests.xctest */;
			productType = "com.apple.product-type.bundle.unit-test";
		};
		7ADC55372C5DC9F000C16426 /* BookishUITests */ = {
			isa = PBXNativeTarget;
			buildConfigurationList = 7ADC55482C5DC9F000C16426 /* Build configuration list for PBXNativeTarget "BookishUITests" */;
			buildPhases = (
				7ADC55342C5DC9F000C16426 /* Sources */,
				7ADC55352C5DC9F000C16426 /* Frameworks */,
				7ADC55362C5DC9F000C16426 /* Resources */,
			);
			buildRules = (
			);
			dependencies = (
				7ADC553A2C5DC9F000C16426 /* PBXTargetDependency */,
			);
			name = BookishUITests;
			productName = BookishUITests;
			productReference = 7ADC55382C5DC9F000C16426 /* BookishUITests.xctest */;
			productType = "com.apple.product-type.bundle.ui-testing";
		};
/* End PBXNativeTarget section */

/* Begin PBXProject section */
		7ADC55162C5DC9EF00C16426 /* Project object */ = {
			isa = PBXProject;
			attributes = {
				BuildIndependentTargetsInParallel = 1;
				LastSwiftUpdateCheck = 1540;
				LastUpgradeCheck = 1540;
				TargetAttributes = {
					7ADC551D2C5DC9EF00C16426 = {
						CreatedOnToolsVersion = 15.4;
					};
					7ADC552D2C5DC9F000C16426 = {
						CreatedOnToolsVersion = 15.4;
						TestTargetID = 7ADC551D2C5DC9EF00C16426;
					};
					7ADC55372C5DC9F000C16426 = {
						CreatedOnToolsVersion = 15.4;
						TestTargetID = 7ADC551D2C5DC9EF00C16426;
					};
				};
			};
			buildConfigurationList = 7ADC55192C5DC9EF00C16426 /* Build configuration list for PBXProject "Bookish" */;
			compatibilityVersion = "Xcode 14.0";
			developmentRegion = en;
			hasScannedForEncodings = 0;
			knownRegions = (
				en,
				Base,
			);
			mainGroup = 7ADC55152C5DC9EF00C16426;
			packageReferences = (
				7ADC554B2C5DD67B00C16426 /* XCRemoteSwiftPackageReference "FolioReaderKit" */,
				7A71C9972C632E48001EC348 /* XCRemoteSwiftPackageReference "SwiftyDropbox" */,
			);
			productRefGroup = 7ADC551F2C5DC9EF00C16426 /* Products */;
			projectDirPath = "";
			projectRoot = "";
			targets = (
				7ADC551D2C5DC9EF00C16426 /* Bookish */,
				7ADC552D2C5DC9F000C16426 /* BookishTests */,
				7ADC55372C5DC9F000C16426 /* BookishUITests */,
			);
		};
/* End PBXProject section */

/* Begin PBXResourcesBuildPhase section */
		7ADC551C2C5DC9EF00C16426 /* Resources */ = {
			isa = PBXResourcesBuildPhase;
			buildActionMask = 2147483647;
			files = (
				7A74D4982C6003E5000E89FD /* The Yellow Wallpaper.epub in Resources */,
				7ADC55292C5DC9F000C16426 /* Preview Assets.xcassets in Resources */,
				7A74D4962C6003E5000E89FD /* A Modest Proposal.epub in Resources */,
				7ADC55262C5DC9F000C16426 /* Assets.xcassets in Resources */,
				7A74D4972C6003E5000E89FD /* The Strange Case of Dr Jekyll and Mr Hyde.epub in Resources */,
			);
			runOnlyForDeploymentPostprocessing = 0;
		};
		7ADC552C2C5DC9F000C16426 /* Resources */ = {
			isa = PBXResourcesBuildPhase;
			buildActionMask = 2147483647;
			files = (
			);
			runOnlyForDeploymentPostprocessing = 0;
		};
		7ADC55362C5DC9F000C16426 /* Resources */ = {
			isa = PBXResourcesBuildPhase;
			buildActionMask = 2147483647;
			files = (
			);
			runOnlyForDeploymentPostprocessing = 0;
		};
/* End PBXResourcesBuildPhase section */

/* Begin PBXSourcesBuildPhase section */
		7ADC551A2C5DC9EF00C16426 /* Sources */ = {
			isa = PBXSourcesBuildPhase;
			buildActionMask = 2147483647;
			files = (
				7ADC55242C5DC9EF00C16426 /* ContentView.swift in Sources */,
				7ADC55572C5F0D5E00C16426 /* ReaderView.swift in Sources */,
				7ADC55532C5DDBDE00C16426 /* BookViewModel.swift in Sources */,
				7A71C9992C63E832001EC348 /* Package.swift in Sources */,
				7ADC555B2C5F0DA100C16426 /* SettingsView.swift in Sources */,
				7ADC55222C5DC9EF00C16426 /* BookishApp.swift in Sources */,
				7ADC554F2C5DDBC100C16426 /* Book.swift in Sources */,
			);
			runOnlyForDeploymentPostprocessing = 0;
		};
		7ADC552A2C5DC9F000C16426 /* Sources */ = {
			isa = PBXSourcesBuildPhase;
			buildActionMask = 2147483647;
			files = (
				7ADC555C2C5F0DA100C16426 /* SettingsView.swift in Sources */,
				7ADC55502C5DDBC100C16426 /* Book.swift in Sources */,
				7ADC55582C5F0D5E00C16426 /* ReaderView.swift in Sources */,
				7ADC55332C5DC9F000C16426 /* BookishTests.swift in Sources */,
				7ADC55542C5DDBDE00C16426 /* BookViewModel.swift in Sources */,
			);
			runOnlyForDeploymentPostprocessing = 0;
		};
		7ADC55342C5DC9F000C16426 /* Sources */ = {
			isa = PBXSourcesBuildPhase;
			buildActionMask = 2147483647;
			files = (
				7ADC553F2C5DC9F000C16426 /* BookishUITestsLaunchTests.swift in Sources */,
				7ADC55592C5F0D5E00C16426 /* ReaderView.swift in Sources */,
				7ADC55552C5DDBDE00C16426 /* BookViewModel.swift in Sources */,
				7ADC555D2C5F0DA100C16426 /* SettingsView.swift in Sources */,
				7ADC553D2C5DC9F000C16426 /* BookishUITests.swift in Sources */,
				7ADC55512C5DDBC100C16426 /* Book.swift in Sources */,
			);
			runOnlyForDeploymentPostprocessing = 0;
		};
/* End PBXSourcesBuildPhase section */

/* Begin PBXTargetDependency section */
		7ADC55302C5DC9F000C16426 /* PBXTargetDependency */ = {
			isa = PBXTargetDependency;
			target = 7ADC551D2C5DC9EF00C16426 /* Bookish */;
			targetProxy = 7ADC552F2C5DC9F000C16426 /* PBXContainerItemProxy */;
		};
		7ADC553A2C5DC9F000C16426 /* PBXTargetDependency */ = {
			isa = PBXTargetDependency;
			target = 7ADC551D2C5DC9EF00C16426 /* Bookish */;
			targetProxy = 7ADC55392C5DC9F000C16426 /* PBXContainerItemProxy */;
		};
/* End PBXTargetDependency section */

/* Begin XCBuildConfiguration section */
		7ADC55402C5DC9F000C16426 /* Debug */ = {
			isa = XCBuildConfiguration;
			buildSettings = {
				ALWAYS_SEARCH_USER_PATHS = NO;
				ASSETCATALOG_COMPILER_GENERATE_SWIFT_ASSET_SYMBOL_EXTENSIONS = YES;
				CLANG_ANALYZER_NONNULL = YES;
				CLANG_ANALYZER_NUMBER_OBJECT_CONVERSION = YES_AGGRESSIVE;
				CLANG_CXX_LANGUAGE_STANDARD = "gnu++20";
				CLANG_ENABLE_MODULES = YES;
				CLANG_ENABLE_OBJC_ARC = YES;
				CLANG_ENABLE_OBJC_WEAK = YES;
				CLANG_WARN_BLOCK_CAPTURE_AUTORELEASING = YES;
				CLANG_WARN_BOOL_CONVERSION = YES;
				CLANG_WARN_COMMA = YES;
				CLANG_WARN_CONSTANT_CONVERSION = YES;
				CLANG_WARN_DEPRECATED_OBJC_IMPLEMENTATIONS = YES;
				CLANG_WARN_DIRECT_OBJC_ISA_USAGE = YES_ERROR;
				CLANG_WARN_DOCUMENTATION_COMMENTS = YES;
				CLANG_WARN_EMPTY_BODY = YES;
				CLANG_WARN_ENUM_CONVERSION = YES;
				CLANG_WARN_INFINITE_RECURSION = YES;
				CLANG_WARN_INT_CONVERSION = YES;
				CLANG_WARN_NON_LITERAL_NULL_CONVERSION = YES;
				CLANG_WARN_OBJC_IMPLICIT_RETAIN_SELF = YES;
				CLANG_WARN_OBJC_LITERAL_CONVERSION = YES;
				CLANG_WARN_OBJC_ROOT_CLASS = YES_ERROR;
				CLANG_WARN_QUOTED_INCLUDE_IN_FRAMEWORK_HEADER = YES;
				CLANG_WARN_RANGE_LOOP_ANALYSIS = YES;
				CLANG_WARN_STRICT_PROTOTYPES = YES;
				CLANG_WARN_SUSPICIOUS_MOVE = YES;
				CLANG_WARN_UNGUARDED_AVAILABILITY = YES_AGGRESSIVE;
				CLANG_WARN_UNREACHABLE_CODE = YES;
				CLANG_WARN__DUPLICATE_METHOD_MATCH = YES;
				COPY_PHASE_STRIP = NO;
				DEBUG_INFORMATION_FORMAT = dwarf;
				ENABLE_STRICT_OBJC_MSGSEND = YES;
				ENABLE_TESTABILITY = YES;
				ENABLE_USER_SCRIPT_SANDBOXING = YES;
				GCC_C_LANGUAGE_STANDARD = gnu17;
				GCC_DYNAMIC_NO_PIC = NO;
				GCC_NO_COMMON_BLOCKS = YES;
				GCC_OPTIMIZATION_LEVEL = 0;
				GCC_PREPROCESSOR_DEFINITIONS = (
					"DEBUG=1",
					"$(inherited)",
				);
				GCC_WARN_64_TO_32_BIT_CONVERSION = YES;
				GCC_WARN_ABOUT_RETURN_TYPE = YES_ERROR;
				GCC_WARN_UNDECLARED_SELECTOR = YES;
				GCC_WARN_UNINITIALIZED_AUTOS = YES_AGGRESSIVE;
				GCC_WARN_UNUSED_FUNCTION = YES;
				GCC_WARN_UNUSED_VARIABLE = YES;
				IPHONEOS_DEPLOYMENT_TARGET = 17.5;
				LOCALIZATION_PREFERS_STRING_CATALOGS = YES;
				MTL_ENABLE_DEBUG_INFO = INCLUDE_SOURCE;
				MTL_FAST_MATH = YES;
				ONLY_ACTIVE_ARCH = YES;
				SDKROOT = iphoneos;
				SWIFT_ACTIVE_COMPILATION_CONDITIONS = "DEBUG $(inherited)";
				SWIFT_OPTIMIZATION_LEVEL = "-Onone";
			};
			name = Debug;
		};
		7ADC55412C5DC9F000C16426 /* Release */ = {
			isa = XCBuildConfiguration;
			buildSettings = {
				ALWAYS_SEARCH_USER_PATHS = NO;
				ASSETCATALOG_COMPILER_GENERATE_SWIFT_ASSET_SYMBOL_EXTENSIONS = YES;
				CLANG_ANALYZER_NONNULL = YES;
				CLANG_ANALYZER_NUMBER_OBJECT_CONVERSION = YES_AGGRESSIVE;
				CLANG_CXX_LANGUAGE_STANDARD = "gnu++20";
				CLANG_ENABLE_MODULES = YES;
				CLANG_ENABLE_OBJC_ARC = YES;
				CLANG_ENABLE_OBJC_WEAK = YES;
				CLANG_WARN_BLOCK_CAPTURE_AUTORELEASING = YES;
				CLANG_WARN_BOOL_CONVERSION = YES;
				CLANG_WARN_COMMA = YES;
				CLANG_WARN_CONSTANT_CONVERSION = YES;
				CLANG_WARN_DEPRECATED_OBJC_IMPLEMENTATIONS = YES;
				CLANG_WARN_DIRECT_OBJC_ISA_USAGE = YES_ERROR;
				CLANG_WARN_DOCUMENTATION_COMMENTS = YES;
				CLANG_WARN_EMPTY_BODY = YES;
				CLANG_WARN_ENUM_CONVERSION = YES;
				CLANG_WARN_INFINITE_RECURSION = YES;
				CLANG_WARN_INT_CONVERSION = YES;
				CLANG_WARN_NON_LITERAL_NULL_CONVERSION = YES;
				CLANG_WARN_OBJC_IMPLICIT_RETAIN_SELF = YES;
				CLANG_WARN_OBJC_LITERAL_CONVERSION = YES;
				CLANG_WARN_OBJC_ROOT_CLASS = YES_ERROR;
				CLANG_WARN_QUOTED_INCLUDE_IN_FRAMEWORK_HEADER = YES;
				CLANG_WARN_RANGE_LOOP_ANALYSIS = YES;
				CLANG_WARN_STRICT_PROTOTYPES = YES;
				CLANG_WARN_SUSPICIOUS_MOVE = YES;
				CLANG_WARN_UNGUARDED_AVAILABILITY = YES_AGGRESSIVE;
				CLANG_WARN_UNREACHABLE_CODE = YES;
				CLANG_WARN__DUPLICATE_METHOD_MATCH = YES;
				COPY_PHASE_STRIP = NO;
				DEBUG_INFORMATION_FORMAT = "dwarf-with-dsym";
				ENABLE_NS_ASSERTIONS = NO;
				ENABLE_STRICT_OBJC_MSGSEND = YES;
				ENABLE_USER_SCRIPT_SANDBOXING = YES;
				GCC_C_LANGUAGE_STANDARD = gnu17;
				GCC_NO_COMMON_BLOCKS = YES;
				GCC_WARN_64_TO_32_BIT_CONVERSION = YES;
				GCC_WARN_ABOUT_RETURN_TYPE = YES_ERROR;
				GCC_WARN_UNDECLARED_SELECTOR = YES;
				GCC_WARN_UNINITIALIZED_AUTOS = YES_AGGRESSIVE;
				GCC_WARN_UNUSED_FUNCTION = YES;
				GCC_WARN_UNUSED_VARIABLE = YES;
				IPHONEOS_DEPLOYMENT_TARGET = 17.5;
				LOCALIZATION_PREFERS_STRING_CATALOGS = YES;
				MTL_ENABLE_DEBUG_INFO = NO;
				MTL_FAST_MATH = YES;
				SDKROOT = iphoneos;
				SWIFT_COMPILATION_MODE = wholemodule;
				VALIDATE_PRODUCT = YES;
			};
			name = Release;
		};
		7ADC55432C5DC9F000C16426 /* Debug */ = {
			isa = XCBuildConfiguration;
			buildSettings = {
				ASSETCATALOG_COMPILER_APPICON_NAME = AppIcon;
				ASSETCATALOG_COMPILER_GLOBAL_ACCENT_COLOR_NAME = AccentColor;
				CODE_SIGN_STYLE = Automatic;
				CURRENT_PROJECT_VERSION = 1;
				DEVELOPMENT_ASSET_PATHS = "\"Bookish/Preview Content\"";
				DEVELOPMENT_TEAM = E8T3622EKW;
				ENABLE_PREVIEWS = YES;
				GENERATE_INFOPLIST_FILE = YES;
				INFOPLIST_KEY_UIApplicationSceneManifest_Generation = YES;
				INFOPLIST_KEY_UIApplicationSupportsIndirectInputEvents = YES;
				INFOPLIST_KEY_UILaunchScreen_Generation = YES;
				INFOPLIST_KEY_UISupportedInterfaceOrientations_iPad = "UIInterfaceOrientationPortrait UIInterfaceOrientationPortraitUpsideDown UIInterfaceOrientationLandscapeLeft UIInterfaceOrientationLandscapeRight";
				INFOPLIST_KEY_UISupportedInterfaceOrientations_iPhone = "UIInterfaceOrientationPortrait UIInterfaceOrientationLandscapeLeft UIInterfaceOrientationLandscapeRight";
				LD_RUNPATH_SEARCH_PATHS = (
					"$(inherited)",
					"@executable_path/Frameworks",
				);
				MARKETING_VERSION = 1.0;
				PRODUCT_BUNDLE_IDENTIFIER = co.husk.Bookish;
				PRODUCT_NAME = "$(TARGET_NAME)";
				SWIFT_EMIT_LOC_STRINGS = YES;
				SWIFT_VERSION = 5.0;
				TARGETED_DEVICE_FAMILY = "1,2";
			};
			name = Debug;
		};
		7ADC55442C5DC9F000C16426 /* Release */ = {
			isa = XCBuildConfiguration;
			buildSettings = {
				ASSETCATALOG_COMPILER_APPICON_NAME = AppIcon;
				ASSETCATALOG_COMPILER_GLOBAL_ACCENT_COLOR_NAME = AccentColor;
				CODE_SIGN_STYLE = Automatic;
				CURRENT_PROJECT_VERSION = 1;
				DEVELOPMENT_ASSET_PATHS = "\"Bookish/Preview Content\"";
				DEVELOPMENT_TEAM = E8T3622EKW;
				ENABLE_PREVIEWS = YES;
				GENERATE_INFOPLIST_FILE = YES;
				INFOPLIST_KEY_UIApplicationSceneManifest_Generation = YES;
				INFOPLIST_KEY_UIApplicationSupportsIndirectInputEvents = YES;
				INFOPLIST_KEY_UILaunchScreen_Generation = YES;
				INFOPLIST_KEY_UISupportedInterfaceOrientations_iPad = "UIInterfaceOrientationPortrait UIInterfaceOrientationPortraitUpsideDown UIInterfaceOrientationLandscapeLeft UIInterfaceOrientationLandscapeRight";
				INFOPLIST_KEY_UISupportedInterfaceOrientations_iPhone = "UIInterfaceOrientationPortrait UIInterfaceOrientationLandscapeLeft UIInterfaceOrientationLandscapeRight";
				LD_RUNPATH_SEARCH_PATHS = (
					"$(inherited)",
					"@executable_path/Frameworks",
				);
				MARKETING_VERSION = 1.0;
				PRODUCT_BUNDLE_IDENTIFIER = co.husk.Bookish;
				PRODUCT_NAME = "$(TARGET_NAME)";
				SWIFT_EMIT_LOC_STRINGS = YES;
				SWIFT_VERSION = 5.0;
				TARGETED_DEVICE_FAMILY = "1,2";
			};
			name = Release;
		};
		7ADC55462C5DC9F000C16426 /* Debug */ = {
			isa = XCBuildConfiguration;
			buildSettings = {
				ALWAYS_EMBED_SWIFT_STANDARD_LIBRARIES = YES;
				BUNDLE_LOADER = "$(TEST_HOST)";
				CODE_SIGN_STYLE = Automatic;
				CURRENT_PROJECT_VERSION = 1;
				DEVELOPMENT_TEAM = E8T3622EKW;
				GENERATE_INFOPLIST_FILE = YES;
				IPHONEOS_DEPLOYMENT_TARGET = 17.5;
				MARKETING_VERSION = 1.0;
				PRODUCT_BUNDLE_IDENTIFIER = co.husk.BookishTests;
				PRODUCT_NAME = "$(TARGET_NAME)";
				SWIFT_EMIT_LOC_STRINGS = NO;
				SWIFT_VERSION = 5.0;
				TARGETED_DEVICE_FAMILY = "1,2";
				TEST_HOST = "$(BUILT_PRODUCTS_DIR)/Bookish.app/$(BUNDLE_EXECUTABLE_FOLDER_PATH)/Bookish";
			};
			name = Debug;
		};
		7ADC55472C5DC9F000C16426 /* Release */ = {
			isa = XCBuildConfiguration;
			buildSettings = {
				ALWAYS_EMBED_SWIFT_STANDARD_LIBRARIES = YES;
				BUNDLE_LOADER = "$(TEST_HOST)";
				CODE_SIGN_STYLE = Automatic;
				CURRENT_PROJECT_VERSION = 1;
				DEVELOPMENT_TEAM = E8T3622EKW;
				GENERATE_INFOPLIST_FILE = YES;
				IPHONEOS_DEPLOYMENT_TARGET = 17.5;
				MARKETING_VERSION = 1.0;
				PRODUCT_BUNDLE_IDENTIFIER = co.husk.BookishTests;
				PRODUCT_NAME = "$(TARGET_NAME)";
				SWIFT_EMIT_LOC_STRINGS = NO;
				SWIFT_VERSION = 5.0;
				TARGETED_DEVICE_FAMILY = "1,2";
				TEST_HOST = "$(BUILT_PRODUCTS_DIR)/Bookish.app/$(BUNDLE_EXECUTABLE_FOLDER_PATH)/Bookish";
			};
			name = Release;
		};
		7ADC55492C5DC9F000C16426 /* Debug */ = {
			isa = XCBuildConfiguration;
			buildSettings = {
				ALWAYS_EMBED_SWIFT_STANDARD_LIBRARIES = YES;
				CODE_SIGN_STYLE = Automatic;
				CURRENT_PROJECT_VERSION = 1;
				DEVELOPMENT_TEAM = E8T3622EKW;
				GENERATE_INFOPLIST_FILE = YES;
				MARKETING_VERSION = 1.0;
				PRODUCT_BUNDLE_IDENTIFIER = co.husk.BookishUITests;
				PRODUCT_NAME = "$(TARGET_NAME)";
				SWIFT_EMIT_LOC_STRINGS = NO;
				SWIFT_VERSION = 5.0;
				TARGETED_DEVICE_FAMILY = "1,2";
				TEST_TARGET_NAME = Bookish;
			};
			name = Debug;
		};
		7ADC554A2C5DC9F000C16426 /* Release */ = {
			isa = XCBuildConfiguration;
			buildSettings = {
				ALWAYS_EMBED_SWIFT_STANDARD_LIBRARIES = YES;
				CODE_SIGN_STYLE = Automatic;
				CURRENT_PROJECT_VERSION = 1;
				DEVELOPMENT_TEAM = E8T3622EKW;
				GENERATE_INFOPLIST_FILE = YES;
				MARKETING_VERSION = 1.0;
				PRODUCT_BUNDLE_IDENTIFIER = co.husk.BookishUITests;
				PRODUCT_NAME = "$(TARGET_NAME)";
				SWIFT_EMIT_LOC_STRINGS = NO;
				SWIFT_VERSION = 5.0;
				TARGETED_DEVICE_FAMILY = "1,2";
				TEST_TARGET_NAME = Bookish;
			};
			name = Release;
		};
/* End XCBuildConfiguration section */

/* Begin XCConfigurationList section */
		7ADC55192C5DC9EF00C16426 /* Build configuration list for PBXProject "Bookish" */ = {
			isa = XCConfigurationList;
			buildConfigurations = (
				7ADC55402C5DC9F000C16426 /* Debug */,
				7ADC55412C5DC9F000C16426 /* Release */,
			);
			defaultConfigurationIsVisible = 0;
			defaultConfigurationName = Release;
		};
		7ADC55422C5DC9F000C16426 /* Build configuration list for PBXNativeTarget "Bookish" */ = {
			isa = XCConfigurationList;
			buildConfigurations = (
				7ADC55432C5DC9F000C16426 /* Debug */,
				7ADC55442C5DC9F000C16426 /* Release */,
			);
			defaultConfigurationIsVisible = 0;
			defaultConfigurationName = Release;
		};
		7ADC55452C5DC9F000C16426 /* Build configuration list for PBXNativeTarget "BookishTests" */ = {
			isa = XCConfigurationList;
			buildConfigurations = (
				7ADC55462C5DC9F000C16426 /* Debug */,
				7ADC55472C5DC9F000C16426 /* Release */,
			);
			defaultConfigurationIsVisible = 0;
			defaultConfigurationName = Release;
		};
		7ADC55482C5DC9F000C16426 /* Build configuration list for PBXNativeTarget "BookishUITests" */ = {
			isa = XCConfigurationList;
			buildConfigurations = (
				7ADC55492C5DC9F000C16426 /* Debug */,
				7ADC554A2C5DC9F000C16426 /* Release */,
			);
			defaultConfigurationIsVisible = 0;
			defaultConfigurationName = Release;
		};
/* End XCConfigurationList section */

/* Begin XCRemoteSwiftPackageReference section */
		7A71C9972C632E48001EC348 /* XCRemoteSwiftPackageReference "SwiftyDropbox" */ = {
			isa = XCRemoteSwiftPackageReference;
			repositoryURL = "https://github.com/dropbox/SwiftyDropbox.git";
			requirement = {
				kind = upToNextMajorVersion;
				minimumVersion = 10.0.7;
			};
		};
		7ADC554B2C5DD67B00C16426 /* XCRemoteSwiftPackageReference "FolioReaderKit" */ = {
			isa = XCRemoteSwiftPackageReference;
			repositoryURL = "https://github.com/FolioReader/FolioReaderKit";
			requirement = {
				kind = upToNextMajorVersion;
				minimumVersion = 1.4.0;
			};
		};
/* End XCRemoteSwiftPackageReference section */
	};
	rootObject = 7ADC55162C5DC9EF00C16426 /* Project object */;
}
